// !$*UTF8*$!
{
	archiveVersion = 1;
	classes = {
	};
	objectVersion = 56;
	objects = {

/* Begin PBXBuildFile section */
		F793925C2ABDE7D800520CF7 /* AppDelegate.swift in Sources */ = {isa = PBXBuildFile; fileRef = F793925B2ABDE7D800520CF7 /* AppDelegate.swift */; };
		F793925E2ABDE7D800520CF7 /* SceneDelegate.swift in Sources */ = {isa = PBXBuildFile; fileRef = F793925D2ABDE7D800520CF7 /* SceneDelegate.swift */; };
		F79392602ABDE7D800520CF7 /* ViewController.swift in Sources */ = {isa = PBXBuildFile; fileRef = F793925F2ABDE7D800520CF7 /* ViewController.swift */; };
		F79392632ABDE7D800520CF7 /* Main.storyboard in Resources */ = {isa = PBXBuildFile; fileRef = F79392612ABDE7D800520CF7 /* Main.storyboard */; };
		F79392652ABDE7D900520CF7 /* Assets.xcassets in Resources */ = {isa = PBXBuildFile; fileRef = F79392642ABDE7D900520CF7 /* Assets.xcassets */; };
		F79392682ABDE7D900520CF7 /* LaunchScreen.storyboard in Resources */ = {isa = PBXBuildFile; fileRef = F79392662ABDE7D900520CF7 /* LaunchScreen.storyboard */; };
		F79392702ABDF67C00520CF7 /* ProfileViewController.swift in Sources */ = {isa = PBXBuildFile; fileRef = F793926F2ABDF67C00520CF7 /* ProfileViewController.swift */; };
		F7A6C4DE2AE02889006E6819 /* Posts.swift in Sources */ = {isa = PBXBuildFile; fileRef = F7A6C4DD2AE02889006E6819 /* Posts.swift */; };
		F7A6C4E02AE02986006E6819 /* UserPostTableViewController.swift in Sources */ = {isa = PBXBuildFile; fileRef = F7A6C4DF2AE02986006E6819 /* UserPostTableViewController.swift */; };
		F7C4EADC2AC31ED10054DA72 /* SettingsViewController.swift in Sources */ = {isa = PBXBuildFile; fileRef = F7C4EADB2AC31ED10054DA72 /* SettingsViewController.swift */; };
/* End PBXBuildFile section */

/* Begin PBXFileReference section */
		F79392582ABDE7D800520CF7 /* yearLongProjectpt.1.app */ = {isa = PBXFileReference; explicitFileType = wrapper.application; includeInIndex = 0; path = yearLongProjectpt.1.app; sourceTree = BUILT_PRODUCTS_DIR; };
		F793925B2ABDE7D800520CF7 /* AppDelegate.swift */ = {isa = PBXFileReference; lastKnownFileType = sourcecode.swift; path = AppDelegate.swift; sourceTree = "<group>"; };
		F793925D2ABDE7D800520CF7 /* SceneDelegate.swift */ = {isa = PBXFileReference; lastKnownFileType = sourcecode.swift; path = SceneDelegate.swift; sourceTree = "<group>"; };
		F793925F2ABDE7D800520CF7 /* ViewController.swift */ = {isa = PBXFileReference; lastKnownFileType = sourcecode.swift; path = ViewController.swift; sourceTree = "<group>"; };
		F79392622ABDE7D800520CF7 /* Base */ = {isa = PBXFileReference; lastKnownFileType = file.storyboard; name = Base; path = Base.lproj/Main.storyboard; sourceTree = "<group>"; };
		F79392642ABDE7D900520CF7 /* Assets.xcassets */ = {isa = PBXFileReference; lastKnownFileType = folder.assetcatalog; path = Assets.xcassets; sourceTree = "<group>"; };
		F79392672ABDE7D900520CF7 /* Base */ = {isa = PBXFileReference; lastKnownFileType = file.storyboard; name = Base; path = Base.lproj/LaunchScreen.storyboard; sourceTree = "<group>"; };
		F79392692ABDE7D900520CF7 /* Info.plist */ = {isa = PBXFileReference; lastKnownFileType = text.plist.xml; path = Info.plist; sourceTree = "<group>"; };
		F793926F2ABDF67C00520CF7 /* ProfileViewController.swift */ = {isa = PBXFileReference; lastKnownFileType = sourcecode.swift; path = ProfileViewController.swift; sourceTree = "<group>"; };
		F7A6C4DD2AE02889006E6819 /* Posts.swift */ = {isa = PBXFileReference; lastKnownFileType = sourcecode.swift; path = Posts.swift; sourceTree = "<group>"; };
		F7A6C4DF2AE02986006E6819 /* UserPostTableViewController.swift */ = {isa = PBXFileReference; lastKnownFileType = sourcecode.swift; path = UserPostTableViewController.swift; sourceTree = "<group>"; };
		F7C4EADB2AC31ED10054DA72 /* SettingsViewController.swift */ = {isa = PBXFileReference; lastKnownFileType = sourcecode.swift; path = SettingsViewController.swift; sourceTree = "<group>"; };
/* End PBXFileReference section */

/* Begin PBXFrameworksBuildPhase section */
		F79392552ABDE7D800520CF7 /* Frameworks */ = {
			isa = PBXFrameworksBuildPhase;
			buildActionMask = 2147483647;
			files = (
			);
			runOnlyForDeploymentPostprocessing = 0;
		};
/* End PBXFrameworksBuildPhase section */

/* Begin PBXGroup section */
		F793924F2ABDE7D800520CF7 = {
			isa = PBXGroup;
			children = (
				F793925A2ABDE7D800520CF7 /* yearLongProjectpt.1 */,
				F79392592ABDE7D800520CF7 /* Products */,
			);
			sourceTree = "<group>";
		};
		F79392592ABDE7D800520CF7 /* Products */ = {
			isa = PBXGroup;
			children = (
				F79392582ABDE7D800520CF7 /* yearLongProjectpt.1.app */,
			);
			name = Products;
			sourceTree = "<group>";
		};
		F793925A2ABDE7D800520CF7 /* yearLongProjectpt.1 */ = {
			isa = PBXGroup;
			children = (
				F793925B2ABDE7D800520CF7 /* AppDelegate.swift */,
				F793925D2ABDE7D800520CF7 /* SceneDelegate.swift */,
				F793925F2ABDE7D800520CF7 /* ViewController.swift */,
				F793926F2ABDF67C00520CF7 /* ProfileViewController.swift */,
				F7C4EADB2AC31ED10054DA72 /* SettingsViewController.swift */,
				F7A6C4DF2AE02986006E6819 /* UserPostTableViewController.swift */,
				F7A6C4DD2AE02889006E6819 /* Posts.swift */,
				F79392612ABDE7D800520CF7 /* Main.storyboard */,
				F79392642ABDE7D900520CF7 /* Assets.xcassets */,
				F79392662ABDE7D900520CF7 /* LaunchScreen.storyboard */,
				F79392692ABDE7D900520CF7 /* Info.plist */,
			);
			path = yearLongProjectpt.1;
			sourceTree = "<group>";
		};
/* End PBXGroup section */

/* Begin PBXNativeTarget section */
		F79392572ABDE7D800520CF7 /* yearLongProjectpt.1 */ = {
			isa = PBXNativeTarget;
			buildConfigurationList = F793926C2ABDE7D900520CF7 /* Build configuration list for PBXNativeTarget "yearLongProjectpt.1" */;
			buildPhases = (
				F79392542ABDE7D800520CF7 /* Sources */,
				F79392552ABDE7D800520CF7 /* Frameworks */,
				F79392562ABDE7D800520CF7 /* Resources */,
			);
			buildRules = (
			);
			dependencies = (
			);
			name = yearLongProjectpt.1;
			productName = yearLongProjectpt.1;
			productReference = F79392582ABDE7D800520CF7 /* yearLongProjectpt.1.app */;
			productType = "com.apple.product-type.application";
		};
/* End PBXNativeTarget section */

/* Begin PBXProject section */
		F79392502ABDE7D800520CF7 /* Project object */ = {
			isa = PBXProject;
			attributes = {
				BuildIndependentTargetsInParallel = 1;
				LastSwiftUpdateCheck = 1430;
				LastUpgradeCheck = 1430;
				TargetAttributes = {
					F79392572ABDE7D800520CF7 = {
						CreatedOnToolsVersion = 14.3.1;
					};
				};
			};
			buildConfigurationList = F79392532ABDE7D800520CF7 /* Build configuration list for PBXProject "yearLongProjectpt.1" */;
			compatibilityVersion = "Xcode 14.0";
			developmentRegion = en;
			hasScannedForEncodings = 0;
			knownRegions = (
				en,
				Base,
			);
			mainGroup = F793924F2ABDE7D800520CF7;
			productRefGroup = F79392592ABDE7D800520CF7 /* Products */;
			projectDirPath = "";
			projectRoot = "";
			targets = (
				F79392572ABDE7D800520CF7 /* yearLongProjectpt.1 */,
			);
		};
/* End PBXProject section */

/* Begin PBXResourcesBuildPhase section */
		F79392562ABDE7D800520CF7 /* Resources */ = {
			isa = PBXResourcesBuildPhase;
			buildActionMask = 2147483647;
			files = (
				F79392682ABDE7D900520CF7 /* LaunchScreen.storyboard in Resources */,
				F79392652ABDE7D900520CF7 /* Assets.xcassets in Resources */,
				F79392632ABDE7D800520CF7 /* Main.storyboard in Resources */,
			);
			runOnlyForDeploymentPostprocessing = 0;
		};
/* End PBXResourcesBuildPhase section */

/* Begin PBXSourcesBuildPhase section */
		F79392542ABDE7D800520CF7 /* Sources */ = {
			isa = PBXSourcesBuildPhase;
			buildActionMask = 2147483647;
			files = (
				F7A6C4E02AE02986006E6819 /* UserPostTableViewController.swift in Sources */,
				F79392602ABDE7D800520CF7 /* ViewController.swift in Sources */,
				F7A6C4DE2AE02889006E6819 /* Posts.swift in Sources */,
				F793925C2ABDE7D800520CF7 /* AppDelegate.swift in Sources */,
				F79392702ABDF67C00520CF7 /* ProfileViewController.swift in Sources */,
				F7C4EADC2AC31ED10054DA72 /* SettingsViewController.swift in Sources */,
				F793925E2ABDE7D800520CF7 /* SceneDelegate.swift in Sources */,
			);
			runOnlyForDeploymentPostprocessing = 0;
		};
/* End PBXSourcesBuildPhase section */

/* Begin PBXVariantGroup section */
		F79392612ABDE7D800520CF7 /* Main.storyboard */ = {
			isa = PBXVariantGroup;
			children = (
				F79392622ABDE7D800520CF7 /* Base */,
			);
			name = Main.storyboard;
			sourceTree = "<group>";
		};
		F79392662ABDE7D900520CF7 /* LaunchScreen.storyboard */ = {
			isa = PBXVariantGroup;
			children = (
				F79392672ABDE7D900520CF7 /* Base */,
			);
			name = LaunchScreen.storyboard;
			sourceTree = "<group>";
		};
/* End PBXVariantGroup section */

/* Begin XCBuildConfiguration section */
		F793926A2ABDE7D900520CF7 /* Debug */ = {
			isa = XCBuildConfiguration;
			buildSettings = {
				ALWAYS_SEARCH_USER_PATHS = NO;
				CLANG_ANALYZER_NONNULL = YES;
				CLANG_ANALYZER_NUMBER_OBJECT_CONVERSION = YES_AGGRESSIVE;
				CLANG_CXX_LANGUAGE_STANDARD = "gnu++20";
				CLANG_ENABLE_MODULES = YES;
				CLANG_ENABLE_OBJC_ARC = YES;
				CLANG_ENABLE_OBJC_WEAK = YES;
				CLANG_WARN_BLOCK_CAPTURE_AUTORELEASING = YES;
				CLANG_WARN_BOOL_CONVERSION = YES;
				CLANG_WARN_COMMA = YES;
				CLANG_WARN_CONSTANT_CONVERSION = YES;
				CLANG_WARN_DEPRECATED_OBJC_IMPLEMENTATIONS = YES;
				CLANG_WARN_DIRECT_OBJC_ISA_USAGE = YES_ERROR;
				CLANG_WARN_DOCUMENTATION_COMMENTS = YES;
				CLANG_WARN_EMPTY_BODY = YES;
				CLANG_WARN_ENUM_CONVERSION = YES;
				CLANG_WARN_INFINITE_RECURSION = YES;
				CLANG_WARN_INT_CONVERSION = YES;
				CLANG_WARN_NON_LITERAL_NULL_CONVERSION = YES;
				CLANG_WARN_OBJC_IMPLICIT_RETAIN_SELF = YES;
				CLANG_WARN_OBJC_LITERAL_CONVERSION = YES;
				CLANG_WARN_OBJC_ROOT_CLASS = YES_ERROR;
				CLANG_WARN_QUOTED_INCLUDE_IN_FRAMEWORK_HEADER = YES;
				CLANG_WARN_RANGE_LOOP_ANALYSIS = YES;
				CLANG_WARN_STRICT_PROTOTYPES = YES;
				CLANG_WARN_SUSPICIOUS_MOVE = YES;
				CLANG_WARN_UNGUARDED_AVAILABILITY = YES_AGGRESSIVE;
				CLANG_WARN_UNREACHABLE_CODE = YES;
				CLANG_WARN__DUPLICATE_METHOD_MATCH = YES;
				COPY_PHASE_STRIP = NO;
				DEBUG_INFORMATION_FORMAT = dwarf;
				ENABLE_STRICT_OBJC_MSGSEND = YES;
				ENABLE_TESTABILITY = YES;
				GCC_C_LANGUAGE_STANDARD = gnu11;
				GCC_DYNAMIC_NO_PIC = NO;
				GCC_NO_COMMON_BLOCKS = YES;
				GCC_OPTIMIZATION_LEVEL = 0;
				GCC_PREPROCESSOR_DEFINITIONS = (
					"DEBUG=1",
					"$(inherited)",
				);
				GCC_WARN_64_TO_32_BIT_CONVERSION = YES;
				GCC_WARN_ABOUT_RETURN_TYPE = YES_ERROR;
				GCC_WARN_UNDECLARED_SELECTOR = YES;
				GCC_WARN_UNINITIALIZED_AUTOS = YES_AGGRESSIVE;
				GCC_WARN_UNUSED_FUNCTION = YES;
				GCC_WARN_UNUSED_VARIABLE = YES;
				IPHONEOS_DEPLOYMENT_TARGET = 16.4;
				MTL_ENABLE_DEBUG_INFO = INCLUDE_SOURCE;
				MTL_FAST_MATH = YES;
				ONLY_ACTIVE_ARCH = YES;
				SDKROOT = iphoneos;
				SWIFT_ACTIVE_COMPILATION_CONDITIONS = DEBUG;
				SWIFT_OPTIMIZATION_LEVEL = "-Onone";
			};
			name = Debug;
		};
		F793926B2ABDE7D900520CF7 /* Release */ = {
			isa = XCBuildConfiguration;
			buildSettings = {
				ALWAYS_SEARCH_USER_PATHS = NO;
				CLANG_ANALYZER_NONNULL = YES;
				CLANG_ANALYZER_NUMBER_OBJECT_CONVERSION = YES_AGGRESSIVE;
				CLANG_CXX_LANGUAGE_STANDARD = "gnu++20";
				CLANG_ENABLE_MODULES = YES;
				CLANG_ENABLE_OBJC_ARC = YES;
				CLANG_ENABLE_OBJC_WEAK = YES;
				CLANG_WARN_BLOCK_CAPTURE_AUTORELEASING = YES;
				CLANG_WARN_BOOL_CONVERSION = YES;
				CLANG_WARN_COMMA = YES;
				CLANG_WARN_CONSTANT_CONVERSION = YES;
				CLANG_WARN_DEPRECATED_OBJC_IMPLEMENTATIONS = YES;
				CLANG_WARN_DIRECT_OBJC_ISA_USAGE = YES_ERROR;
				CLANG_WARN_DOCUMENTATION_COMMENTS = YES;
				CLANG_WARN_EMPTY_BODY = YES;
				CLANG_WARN_ENUM_CONVERSION = YES;
				CLANG_WARN_INFINITE_RECURSION = YES;
				CLANG_WARN_INT_CONVERSION = YES;
				CLANG_WARN_NON_LITERAL_NULL_CONVERSION = YES;
				CLANG_WARN_OBJC_IMPLICIT_RETAIN_SELF = YES;
				CLANG_WARN_OBJC_LITERAL_CONVERSION = YES;
				CLANG_WARN_OBJC_ROOT_CLASS = YES_ERROR;
				CLANG_WARN_QUOTED_INCLUDE_IN_FRAMEWORK_HEADER = YES;
				CLANG_WARN_RANGE_LOOP_ANALYSIS = YES;
				CLANG_WARN_STRICT_PROTOTYPES = YES;
				CLANG_WARN_SUSPICIOUS_MOVE = YES;
				CLANG_WARN_UNGUARDED_AVAILABILITY = YES_AGGRESSIVE;
				CLANG_WARN_UNREACHABLE_CODE = YES;
				CLANG_WARN__DUPLICATE_METHOD_MATCH = YES;
				COPY_PHASE_STRIP = NO;
				DEBUG_INFORMATION_FORMAT = "dwarf-with-dsym";
				ENABLE_NS_ASSERTIONS = NO;
				ENABLE_STRICT_OBJC_MSGSEND = YES;
				GCC_C_LANGUAGE_STANDARD = gnu11;
				GCC_NO_COMMON_BLOCKS = YES;
				GCC_WARN_64_TO_32_BIT_CONVERSION = YES;
				GCC_WARN_ABOUT_RETURN_TYPE = YES_ERROR;
				GCC_WARN_UNDECLARED_SELECTOR = YES;
				GCC_WARN_UNINITIALIZED_AUTOS = YES_AGGRESSIVE;
				GCC_WARN_UNUSED_FUNCTION = YES;
				GCC_WARN_UNUSED_VARIABLE = YES;
				IPHONEOS_DEPLOYMENT_TARGET = 16.4;
				MTL_ENABLE_DEBUG_INFO = NO;
				MTL_FAST_MATH = YES;
				SDKROOT = iphoneos;
				SWIFT_COMPILATION_MODE = wholemodule;
				SWIFT_OPTIMIZATION_LEVEL = "-O";
				VALIDATE_PRODUCT = YES;
			};
			name = Release;
		};
		F793926D2ABDE7D900520CF7 /* Debug */ = {
			isa = XCBuildConfiguration;
			buildSettings = {
				ASSETCATALOG_COMPILER_APPICON_NAME = AppIcon;
				ASSETCATALOG_COMPILER_GLOBAL_ACCENT_COLOR_NAME = AccentColor;
				CODE_SIGN_STYLE = Automatic;
				CURRENT_PROJECT_VERSION = 1;
				DEVELOPMENT_TEAM = SPGY2XLS42;
				GENERATE_INFOPLIST_FILE = YES;
				INFOPLIST_FILE = yearLongProjectpt.1/Info.plist;
				INFOPLIST_KEY_UIApplicationSupportsIndirectInputEvents = YES;
				INFOPLIST_KEY_UILaunchStoryboardName = LaunchScreen;
				INFOPLIST_KEY_UIMainStoryboardFile = Main;
				INFOPLIST_KEY_UISupportedInterfaceOrientations_iPad = "UIInterfaceOrientationPortrait UIInterfaceOrientationPortraitUpsideDown UIInterfaceOrientationLandscapeLeft UIInterfaceOrientationLandscapeRight";
				INFOPLIST_KEY_UISupportedInterfaceOrientations_iPhone = "UIInterfaceOrientationPortrait UIInterfaceOrientationLandscapeLeft UIInterfaceOrientationLandscapeRight";
				LD_RUNPATH_SEARCH_PATHS = (
					"$(inherited)",
					"@executable_path/Frameworks",
				);
				MARKETING_VERSION = 1.0;
				PRODUCT_BUNDLE_IDENTIFIER = "Practice.yearLongProjectpt-1";
				PRODUCT_NAME = "$(TARGET_NAME)";
				SWIFT_EMIT_LOC_STRINGS = YES;
				SWIFT_VERSION = 5.0;
				TARGETED_DEVICE_FAMILY = "1,2";
			};
			name = Debug;
		};
		F793926E2ABDE7D900520CF7 /* Release */ = {
			isa = XCBuildConfiguration;
			buildSettings = {
				ASSETCATALOG_COMPILER_APPICON_NAME = AppIcon;
				ASSETCATALOG_COMPILER_GLOBAL_ACCENT_COLOR_NAME = AccentColor;
				CODE_SIGN_STYLE = Automatic;
				CURRENT_PROJECT_VERSION = 1;
				DEVELOPMENT_TEAM = SPGY2XLS42;
				GENERATE_INFOPLIST_FILE = YES;
				INFOPLIST_FILE = yearLongProjectpt.1/Info.plist;
				INFOPLIST_KEY_UIApplicationSupportsIndirectInputEvents = YES;
				INFOPLIST_KEY_UILaunchStoryboardName = LaunchScreen;
				INFOPLIST_KEY_UIMainStoryboardFile = Main;
				INFOPLIST_KEY_UISupportedInterfaceOrientations_iPad = "UIInterfaceOrientationPortrait UIInterfaceOrientationPortraitUpsideDown UIInterfaceOrientationLandscapeLeft UIInterfaceOrientationLandscapeRight";
				INFOPLIST_KEY_UISupportedInterfaceOrientations_iPhone = "UIInterfaceOrientationPortrait UIInterfaceOrientationLandscapeLeft UIInterfaceOrientationLandscapeRight";
				LD_RUNPATH_SEARCH_PATHS = (
					"$(inherited)",
					"@executable_path/Frameworks",
				);
				MARKETING_VERSION = 1.0;
				PRODUCT_BUNDLE_IDENTIFIER = "Practice.yearLongProjectpt-1";
				PRODUCT_NAME = "$(TARGET_NAME)";
				SWIFT_EMIT_LOC_STRINGS = YES;
				SWIFT_VERSION = 5.0;
				TARGETED_DEVICE_FAMILY = "1,2";
			};
			name = Release;
		};
/* End XCBuildConfiguration section */

/* Begin XCConfigurationList section */
		F79392532ABDE7D800520CF7 /* Build configuration list for PBXProject "yearLongProjectpt.1" */ = {
			isa = XCConfigurationList;
			buildConfigurations = (
				F793926A2ABDE7D900520CF7 /* Debug */,
				F793926B2ABDE7D900520CF7 /* Release */,
			);
			defaultConfigurationIsVisible = 0;
			defaultConfigurationName = Release;
		};
		F793926C2ABDE7D900520CF7 /* Build configuration list for PBXNativeTarget "yearLongProjectpt.1" */ = {
			isa = XCConfigurationList;
			buildConfigurations = (
				F793926D2ABDE7D900520CF7 /* Debug */,
				F793926E2ABDE7D900520CF7 /* Release */,
			);
			defaultConfigurationIsVisible = 0;
			defaultConfigurationName = Release;
		};
/* End XCConfigurationList section */
	};
	rootObject = F79392502ABDE7D800520CF7 /* Project object */;
}
